
Microsoft Visual Studio Solution File, Format Version 12.00
Project("{FAE04EC0-301F-11D3-BF4B-00C04F79EFBC}") = "WxConnectorProvider", "WxConnectorProvider.csproj", "{783CAF9E-CF62-4368-834A-67CCFA67F213}"
EndProject
Global
	GlobalSection(SolutionConfigurationPlatforms) = preSolution
		Debug|Any CPU = Debug|Any CPU
		Release|Any CPU = Release|Any CPU
	EndGlobalSection
	GlobalSection(ProjectConfigurationPlatforms) = postSolution
		{783CAF9E-CF62-4368-834A-67CCFA67F213}.Debug|Any CPU.ActiveCfg = Debug|Any CPU
		{783CAF9E-CF62-4368-834A-67CCFA67F213}.Debug|Any CPU.Build.0 = Debug|Any CPU
		{783CAF9E-CF62-4368-834A-67CCFA67F213}.Release|Any CPU.ActiveCfg = Release|Any CPU
		{783CAF9E-CF62-4368-834A-67CCFA67F213}.Release|Any CPU.Build.0 = Release|Any CPU
	EndGlobalSection
EndGlobal
